// !$*UTF8*$!
{
	archiveVersion = 1;
	classes = {
	};
	objectVersion = 46;
	objects = {

/* Begin PBXBuildFile section */
		20442B3B1EFA471D00D557D4 /* AppDelegate.swift in Sources */ = {isa = PBXBuildFile; fileRef = 20442B3A1EFA471D00D557D4 /* AppDelegate.swift */; };
		20442B3D1EFA471D00D557D4 /* ViewController.swift in Sources */ = {isa = PBXBuildFile; fileRef = 20442B3C1EFA471D00D557D4 /* ViewController.swift */; };
		20442B401EFA471D00D557D4 /* Main.storyboard in Resources */ = {isa = PBXBuildFile; fileRef = 20442B3E1EFA471D00D557D4 /* Main.storyboard */; };
		20442B421EFA471D00D557D4 /* Assets.xcassets in Resources */ = {isa = PBXBuildFile; fileRef = 20442B411EFA471D00D557D4 /* Assets.xcassets */; };
		20442B451EFA471D00D557D4 /* LaunchScreen.storyboard in Resources */ = {isa = PBXBuildFile; fileRef = 20442B431EFA471D00D557D4 /* LaunchScreen.storyboard */; };
		20442B501EFA476A00D557D4 /* Event.swift in Sources */ = {isa = PBXBuildFile; fileRef = 20442B4F1EFA476A00D557D4 /* Event.swift */; };
		20442B521EFA47B800D557D4 /* Festival.swift in Sources */ = {isa = PBXBuildFile; fileRef = 20442B511EFA47B800D557D4 /* Festival.swift */; };
		20442B551EFA48B700D557D4 /* ShowedableViewCell.swift in Sources */ = {isa = PBXBuildFile; fileRef = 20442B541EFA48B700D557D4 /* ShowedableViewCell.swift */; };
		20442B571EFA491300D557D4 /* ShowedTableController.swift in Sources */ = {isa = PBXBuildFile; fileRef = 20442B561EFA491300D557D4 /* ShowedTableController.swift */; };
		20442B591EFA505500D557D4 /* Protocol.swift in Sources */ = {isa = PBXBuildFile; fileRef = 20442B581EFA505500D557D4 /* Protocol.swift */; };
/* End PBXBuildFile section */

/* Begin PBXFileReference section */
		20442B371EFA471D00D557D4 /* MVPDemo1.app */ = {isa = PBXFileReference; explicitFileType = wrapper.application; includeInIndex = 0; path = MVPDemo1.app; sourceTree = BUILT_PRODUCTS_DIR; };
		20442B3A1EFA471D00D557D4 /* AppDelegate.swift */ = {isa = PBXFileReference; lastKnownFileType = sourcecode.swift; path = AppDelegate.swift; sourceTree = "<group>"; };
		20442B3C1EFA471D00D557D4 /* ViewController.swift */ = {isa = PBXFileReference; lastKnownFileType = sourcecode.swift; path = ViewController.swift; sourceTree = "<group>"; };
		20442B3F1EFA471D00D557D4 /* Base */ = {isa = PBXFileReference; lastKnownFileType = file.storyboard; name = Base; path = Base.lproj/Main.storyboard; sourceTree = "<group>"; };
		20442B411EFA471D00D557D4 /* Assets.xcassets */ = {isa = PBXFileReference; lastKnownFileType = folder.assetcatalog; path = Assets.xcassets; sourceTree = "<group>"; };
		20442B441EFA471D00D557D4 /* Base */ = {isa = PBXFileReference; lastKnownFileType = file.storyboard; name = Base; path = Base.lproj/LaunchScreen.storyboard; sourceTree = "<group>"; };
		20442B461EFA471D00D557D4 /* Info.plist */ = {isa = PBXFileReference; lastKnownFileType = text.plist.xml; path = Info.plist; sourceTree = "<group>"; };
		20442B4F1EFA476A00D557D4 /* Event.swift */ = {isa = PBXFileReference; fileEncoding = 4; lastKnownFileType = sourcecode.swift; path = Event.swift; sourceTree = "<group>"; };
		20442B511EFA47B800D557D4 /* Festival.swift */ = {isa = PBXFileReference; fileEncoding = 4; lastKnownFileType = sourcecode.swift; path = Festival.swift; sourceTree = "<group>"; };
		20442B541EFA48B700D557D4 /* ShowedableViewCell.swift */ = {isa = PBXFileReference; fileEncoding = 4; lastKnownFileType = sourcecode.swift; path = ShowedableViewCell.swift; sourceTree = "<group>"; };
		20442B561EFA491300D557D4 /* ShowedTableController.swift */ = {isa = PBXFileReference; fileEncoding = 4; lastKnownFileType = sourcecode.swift; path = ShowedTableController.swift; sourceTree = "<group>"; };
		20442B581EFA505500D557D4 /* Protocol.swift */ = {isa = PBXFileReference; fileEncoding = 4; lastKnownFileType = sourcecode.swift; path = Protocol.swift; sourceTree = "<group>"; };
/* End PBXFileReference section */

/* Begin PBXFrameworksBuildPhase section */
		20442B341EFA471D00D557D4 /* Frameworks */ = {
			isa = PBXFrameworksBuildPhase;
			buildActionMask = 2147483647;
			files = (
			);
			runOnlyForDeploymentPostprocessing = 0;
		};
/* End PBXFrameworksBuildPhase section */

/* Begin PBXGroup section */
		20442B2E1EFA471D00D557D4 = {
			isa = PBXGroup;
			children = (
				20442B391EFA471D00D557D4 /* MVPDemo1 */,
				20442B381EFA471D00D557D4 /* Products */,
			);
			sourceTree = "<group>";
		};
		20442B381EFA471D00D557D4 /* Products */ = {
			isa = PBXGroup;
			children = (
				20442B371EFA471D00D557D4 /* MVPDemo1.app */,
			);
			name = Products;
			sourceTree = "<group>";
		};
		20442B391EFA471D00D557D4 /* MVPDemo1 */ = {
			isa = PBXGroup;
			children = (
				20442B561EFA491300D557D4 /* ShowedTableController.swift */,
				20442B4C1EFA475900D557D4 /* Model */,
				20442B4D1EFA475900D557D4 /* Protocol */,
				20442B4E1EFA475900D557D4 /* View-Cell */,
				20442B531EFA489F00D557D4 /* Other */,
			);
			path = MVPDemo1;
			sourceTree = "<group>";
		};
		20442B4C1EFA475900D557D4 /* Model */ = {
			isa = PBXGroup;
			children = (
				20442B4F1EFA476A00D557D4 /* Event.swift */,
				20442B511EFA47B800D557D4 /* Festival.swift */,
			);
			path = Model;
			sourceTree = "<group>";
		};
		20442B4D1EFA475900D557D4 /* Protocol */ = {
			isa = PBXGroup;
			children = (
				20442B581EFA505500D557D4 /* Protocol.swift */,
			);
			path = Protocol;
			sourceTree = "<group>";
		};
		20442B4E1EFA475900D557D4 /* View-Cell */ = {
			isa = PBXGroup;
			children = (
				20442B541EFA48B700D557D4 /* ShowedableViewCell.swift */,
			);
			path = "View-Cell";
			sourceTree = "<group>";
		};
		20442B531EFA489F00D557D4 /* Other */ = {
			isa = PBXGroup;
			children = (
				20442B3A1EFA471D00D557D4 /* AppDelegate.swift */,
				20442B3C1EFA471D00D557D4 /* ViewController.swift */,
				20442B3E1EFA471D00D557D4 /* Main.storyboard */,
				20442B411EFA471D00D557D4 /* Assets.xcassets */,
				20442B431EFA471D00D557D4 /* LaunchScreen.storyboard */,
				20442B461EFA471D00D557D4 /* Info.plist */,
			);
			name = Other;
			sourceTree = "<group>";
		};
/* End PBXGroup section */

/* Begin PBXNativeTarget section */
		20442B361EFA471D00D557D4 /* MVPDemo1 */ = {
			isa = PBXNativeTarget;
			buildConfigurationList = 20442B491EFA471D00D557D4 /* Build configuration list for PBXNativeTarget "MVPDemo1" */;
			buildPhases = (
				20442B331EFA471D00D557D4 /* Sources */,
				20442B341EFA471D00D557D4 /* Frameworks */,
				20442B351EFA471D00D557D4 /* Resources */,
			);
			buildRules = (
			);
			dependencies = (
			);
			name = MVPDemo1;
			productName = MVPDemo1;
			productReference = 20442B371EFA471D00D557D4 /* MVPDemo1.app */;
			productType = "com.apple.product-type.application";
		};
/* End PBXNativeTarget section */

/* Begin PBXProject section */
		20442B2F1EFA471D00D557D4 /* Project object */ = {
			isa = PBXProject;
			attributes = {
				LastSwiftUpdateCheck = 0830;
				LastUpgradeCheck = 0830;
				ORGANIZATIONNAME = WY;
				TargetAttributes = {
					20442B361EFA471D00D557D4 = {
						CreatedOnToolsVersion = 8.3.2;
						ProvisioningStyle = Automatic;
					};
				};
			};
			buildConfigurationList = 20442B321EFA471D00D557D4 /* Build configuration list for PBXProject "MVPDemo1" */;
			compatibilityVersion = "Xcode 3.2";
			developmentRegion = English;
			hasScannedForEncodings = 0;
			knownRegions = (
				en,
				Base,
			);
			mainGroup = 20442B2E1EFA471D00D557D4;
			productRefGroup = 20442B381EFA471D00D557D4 /* Products */;
			projectDirPath = "";
			projectRoot = "";
			targets = (
				20442B361EFA471D00D557D4 /* MVPDemo1 */,
			);
		};
/* End PBXProject section */

/* Begin PBXResourcesBuildPhase section */
		20442B351EFA471D00D557D4 /* Resources */ = {
			isa = PBXResourcesBuildPhase;
			buildActionMask = 2147483647;
			files = (
				20442B451EFA471D00D557D4 /* LaunchScreen.storyboard in Resources */,
				20442B421EFA471D00D557D4 /* Assets.xcassets in Resources */,
				20442B401EFA471D00D557D4 /* Main.storyboard in Resources */,
			);
			runOnlyForDeploymentPostprocessing = 0;
		};
/* End PBXResourcesBuildPhase section */

/* Begin PBXSourcesBuildPhase section */
		20442B331EFA471D00D557D4 /* Sources */ = {
			isa = PBXSourcesBuildPhase;
			buildActionMask = 2147483647;
			files = (
				20442B591EFA505500D557D4 /* Protocol.swift in Sources */,
				20442B3D1EFA471D00D557D4 /* ViewController.swift in Sources */,
				20442B501EFA476A00D557D4 /* Event.swift in Sources */,
				20442B571EFA491300D557D4 /* ShowedTableController.swift in Sources */,
				20442B3B1EFA471D00D557D4 /* AppDelegate.swift in Sources */,
				20442B551EFA48B700D557D4 /* ShowedableViewCell.swift in Sources */,
				20442B521EFA47B800D557D4 /* Festival.swift in Sources */,
			);
			runOnlyForDeploymentPostprocessing = 0;
		};
/* End PBXSourcesBuildPhase section */

/* Begin PBXVariantGroup section */
		20442B3E1EFA471D00D557D4 /* Main.storyboard */ = {
			isa = PBXVariantGroup;
			children = (
				20442B3F1EFA471D00D557D4 /* Base */,
			);
			name = Main.storyboard;
			sourceTree = "<group>";
		};
		20442B431EFA471D00D557D4 /* LaunchScreen.storyboard */ = {
			isa = PBXVariantGroup;
			children = (
				20442B441EFA471D00D557D4 /* Base */,
			);
			name = LaunchScreen.storyboard;
			sourceTree = "<group>";
		};
/* End PBXVariantGroup section */

/* Begin XCBuildConfiguration section */
		20442B471EFA471D00D557D4 /* Debug */ = {
			isa = XCBuildConfiguration;
			buildSettings = {
				ALWAYS_SEARCH_USER_PATHS = NO;
				CLANG_ANALYZER_NONNULL = YES;
				CLANG_ANALYZER_NUMBER_OBJECT_CONVERSION = YES_AGGRESSIVE;
				CLANG_CXX_LANGUAGE_STANDARD = "gnu++0x";
				CLANG_CXX_LIBRARY = "libc++";
				CLANG_ENABLE_MODULES = YES;
				CLANG_ENABLE_OBJC_ARC = YES;
				CLANG_WARN_BOOL_CONVERSION = YES;
				CLANG_WARN_CONSTANT_CONVERSION = YES;
				CLANG_WARN_DIRECT_OBJC_ISA_USAGE = YES_ERROR;
				CLANG_WARN_DOCUMENTATION_COMMENTS = YES;
				CLANG_WARN_EMPTY_BODY = YES;
				CLANG_WARN_ENUM_CONVERSION = YES;
				CLANG_WARN_INFINITE_RECURSION = YES;
				CLANG_WARN_INT_CONVERSION = YES;
				CLANG_WARN_OBJC_ROOT_CLASS = YES_ERROR;
				CLANG_WARN_SUSPICIOUS_MOVE = YES;
				CLANG_WARN_UNREACHABLE_CODE = YES;
				CLANG_WARN__DUPLICATE_METHOD_MATCH = YES;
				"CODE_SIGN_IDENTITY[sdk=iphoneos*]" = "iPhone Developer";
				COPY_PHASE_STRIP = NO;
				DEBUG_INFORMATION_FORMAT = dwarf;
				ENABLE_STRICT_OBJC_MSGSEND = YES;
				ENABLE_TESTABILITY = YES;
				GCC_C_LANGUAGE_STANDARD = gnu99;
				GCC_DYNAMIC_NO_PIC = NO;
				GCC_NO_COMMON_BLOCKS = YES;
				GCC_OPTIMIZATION_LEVEL = 0;
				GCC_PREPROCESSOR_DEFINITIONS = (
					"DEBUG=1",
					"$(inherited)",
				);
				GCC_WARN_64_TO_32_BIT_CONVERSION = YES;
				GCC_WARN_ABOUT_RETURN_TYPE = YES_ERROR;
				GCC_WARN_UNDECLARED_SELECTOR = YES;
				GCC_WARN_UNINITIALIZED_AUTOS = YES_AGGRESSIVE;
				GCC_WARN_UNUSED_FUNCTION = YES;
				GCC_WARN_UNUSED_VARIABLE = YES;
				IPHONEOS_DEPLOYMENT_TARGET = 10.3;
				MTL_ENABLE_DEBUG_INFO = YES;
				ONLY_ACTIVE_ARCH = YES;
				SDKROOT = iphoneos;
				SWIFT_ACTIVE_COMPILATION_CONDITIONS = DEBUG;
				SWIFT_OPTIMIZATION_LEVEL = "-Onone";
			};
			name = Debug;
		};
		20442B481EFA471D00D557D4 /* Release */ = {
			isa = XCBuildConfiguration;
			buildSettings = {
				ALWAYS_SEARCH_USER_PATHS = NO;
				CLANG_ANALYZER_NONNULL = YES;
				CLANG_ANALYZER_NUMBER_OBJECT_CONVERSION = YES_AGGRESSIVE;
				CLANG_CXX_LANGUAGE_STANDARD = "gnu++0x";
				CLANG_CXX_LIBRARY = "libc++";
				CLANG_ENABLE_MODULES = YES;
				CLANG_ENABLE_OBJC_ARC = YES;
				CLANG_WARN_BOOL_CONVERSION = YES;
				CLANG_WARN_CONSTANT_CONVERSION = YES;
				CLANG_WARN_DIRECT_OBJC_ISA_USAGE = YES_ERROR;
				CLANG_WARN_DOCUMENTATION_COMMENTS = YES;
				CLANG_WARN_EMPTY_BODY = YES;
				CLANG_WARN_ENUM_CONVERSION = YES;
				CLANG_WARN_INFINITE_RECURSION = YES;
				CLANG_WARN_INT_CONVERSION = YES;
				CLANG_WARN_OBJC_ROOT_CLASS = YES_ERROR;
				CLANG_WARN_SUSPICIOUS_MOVE = YES;
				CLANG_WARN_UNREACHABLE_CODE = YES;
				CLANG_WARN__DUPLICATE_METHOD_MATCH = YES;
				"CODE_SIGN_IDENTITY[sdk=iphoneos*]" = "iPhone Developer";
				COPY_PHASE_STRIP = NO;
				DEBUG_INFORMATION_FORMAT = "dwarf-with-dsym";
				ENABLE_NS_ASSERTIONS = NO;
				ENABLE_STRICT_OBJC_MSGSEND = YES;
				GCC_C_LANGUAGE_STANDARD = gnu99;
				GCC_NO_COMMON_BLOCKS = YES;
				GCC_WARN_64_TO_32_BIT_CONVERSION = YES;
				GCC_WARN_ABOUT_RETURN_TYPE = YES_ERROR;
				GCC_WARN_UNDECLARED_SELECTOR = YES;
				GCC_WARN_UNINITIALIZED_AUTOS = YES_AGGRESSIVE;
				GCC_WARN_UNUSED_FUNCTION = YES;
				GCC_WARN_UNUSED_VARIABLE = YES;
				IPHONEOS_DEPLOYMENT_TARGET = 10.3;
				MTL_ENABLE_DEBUG_INFO = NO;
				SDKROOT = iphoneos;
				SWIFT_OPTIMIZATION_LEVEL = "-Owholemodule";
				VALIDATE_PRODUCT = YES;
			};
			name = Release;
		};
		20442B4A1EFA471D00D557D4 /* Debug */ = {
			isa = XCBuildConfiguration;
			buildSettings = {
				ASSETCATALOG_COMPILER_APPICON_NAME = AppIcon;
				INFOPLIST_FILE = MVPDemo1/Info.plist;
				IPHONEOS_DEPLOYMENT_TARGET = 9.1;
				LD_RUNPATH_SEARCH_PATHS = "$(inherited) @executable_path/Frameworks";
				PRODUCT_BUNDLE_IDENTIFIER = com.None.MVPDemo1;
				PRODUCT_NAME = "$(TARGET_NAME)";
				SWIFT_VERSION = 3.0;
			};
			name = Debug;
		};
		20442B4B1EFA471D00D557D4 /* Release */ = {
			isa = XCBuildConfiguration;
			buildSettings = {
				ASSETCATALOG_COMPILER_APPICON_NAME = AppIcon;
				INFOPLIST_FILE = MVPDemo1/Info.plist;
				IPHONEOS_DEPLOYMENT_TARGET = 9.1;
				LD_RUNPATH_SEARCH_PATHS = "$(inherited) @executable_path/Frameworks";
				PRODUCT_BUNDLE_IDENTIFIER = com.None.MVPDemo1;
				PRODUCT_NAME = "$(TARGET_NAME)";
				SWIFT_VERSION = 3.0;
			};
			name = Release;
		};
/* End XCBuildConfiguration section */

/* Begin XCConfigurationList section */
		20442B321EFA471D00D557D4 /* Build configuration list for PBXProject "MVPDemo1" */ = {
			isa = XCConfigurationList;
			buildConfigurations = (
				20442B471EFA471D00D557D4 /* Debug */,
				20442B481EFA471D00D557D4 /* Release */,
			);
			defaultConfigurationIsVisible = 0;
			defaultConfigurationName = Release;
		};
		20442B491EFA471D00D557D4 /* Build configuration list for PBXNativeTarget "MVPDemo1" */ = {
			isa = XCConfigurationList;
			buildConfigurations = (
				20442B4A1EFA471D00D557D4 /* Debug */,
				20442B4B1EFA471D00D557D4 /* Release */,
			);
			defaultConfigurationIsVisible = 0;
			defaultConfigurationName = Release;
		};
/* End XCConfigurationList section */
	};
	rootObject = 20442B2F1EFA471D00D557D4 /* Project object */;
}
