// !$*UTF8*$!
{
	archiveVersion = 1;
	classes = {
	};
	objectVersion = 50;
	objects = {

/* Begin PBXBuildFile section */
		201BA05D296EB74300F0BABB /* AppDelegate.swift in Sources */ = {isa = PBXBuildFile; fileRef = 201BA05C296EB74300F0BABB /* AppDelegate.swift */; };
		201BA05F296EB74300F0BABB /* SceneDelegate.swift in Sources */ = {isa = PBXBuildFile; fileRef = 201BA05E296EB74300F0BABB /* SceneDelegate.swift */; };
		201BA061296EB74300F0BABB /* ViewController.swift in Sources */ = {isa = PBXBuildFile; fileRef = 201BA060296EB74300F0BABB /* ViewController.swift */; };
		201BA064296EB74300F0BABB /* Main.storyboard in Resources */ = {isa = PBXBuildFile; fileRef = 201BA062296EB74300F0BABB /* Main.storyboard */; };
		201BA066296EB74800F0BABB /* Assets.xcassets in Resources */ = {isa = PBXBuildFile; fileRef = 201BA065296EB74800F0BABB /* Assets.xcassets */; };
		201BA069296EB74800F0BABB /* LaunchScreen.storyboard in Resources */ = {isa = PBXBuildFile; fileRef = 201BA067296EB74800F0BABB /* LaunchScreen.storyboard */; };
		204F2DFC296FABDC00B47D86 /* SwiftRoot.swift in Sources */ = {isa = PBXBuildFile; fileRef = 204F2DFB296FABDC00B47D86 /* SwiftRoot.swift */; };
		204F2DFE296FE74400B47D86 /* SwiftRoot.storyboard in Resources */ = {isa = PBXBuildFile; fileRef = 204F2DFD296FE74300B47D86 /* SwiftRoot.storyboard */; };
		205FD3D129BF0568006BCE9D /* SWTableViewController.swift in Sources */ = {isa = PBXBuildFile; fileRef = 205FD3D029BF0568006BCE9D /* SWTableViewController.swift */; };
		205FD3D329BF05AF006BCE9D /* BaseModel.swift in Sources */ = {isa = PBXBuildFile; fileRef = 205FD3D229BF05AF006BCE9D /* BaseModel.swift */; };
		205FD3D729BF1601006BCE9D /* BaseJson.json in Resources */ = {isa = PBXBuildFile; fileRef = 205FD3D429BF0D1E006BCE9D /* BaseJson.json */; };
		20A7870C29BEB4CC00C24422 /* WeakScriptMessage.swift in Sources */ = {isa = PBXBuildFile; fileRef = 20A7870B29BEB4CC00C24422 /* WeakScriptMessage.swift */; };
		20DCE3B429BB24E40034833A /* SwfitBaseController.swift in Sources */ = {isa = PBXBuildFile; fileRef = 20DCE3B329BB24E40034833A /* SwfitBaseController.swift */; };
		20DCE3B629BB30BD0034833A /* BaseWebViewController.swift in Sources */ = {isa = PBXBuildFile; fileRef = 20DCE3B529BB30BD0034833A /* BaseWebViewController.swift */; };
/* End PBXBuildFile section */

/* Begin PBXFileReference section */
		201BA059296EB74300F0BABB /* Demo.app */ = {isa = PBXFileReference; explicitFileType = wrapper.application; includeInIndex = 0; path = Demo.app; sourceTree = BUILT_PRODUCTS_DIR; };
		201BA05C296EB74300F0BABB /* AppDelegate.swift */ = {isa = PBXFileReference; lastKnownFileType = sourcecode.swift; path = AppDelegate.swift; sourceTree = "<group>"; };
		201BA05E296EB74300F0BABB /* SceneDelegate.swift */ = {isa = PBXFileReference; lastKnownFileType = sourcecode.swift; path = SceneDelegate.swift; sourceTree = "<group>"; };
		201BA060296EB74300F0BABB /* ViewController.swift */ = {isa = PBXFileReference; lastKnownFileType = sourcecode.swift; path = ViewController.swift; sourceTree = "<group>"; };
		201BA063296EB74300F0BABB /* Base */ = {isa = PBXFileReference; lastKnownFileType = file.storyboard; name = Base; path = Base.lproj/Main.storyboard; sourceTree = "<group>"; };
		201BA065296EB74800F0BABB /* Assets.xcassets */ = {isa = PBXFileReference; lastKnownFileType = folder.assetcatalog; path = Assets.xcassets; sourceTree = "<group>"; };
		201BA068296EB74800F0BABB /* Base */ = {isa = PBXFileReference; lastKnownFileType = file.storyboard; name = Base; path = Base.lproj/LaunchScreen.storyboard; sourceTree = "<group>"; };
		201BA06A296EB74800F0BABB /* Info.plist */ = {isa = PBXFileReference; lastKnownFileType = text.plist.xml; path = Info.plist; sourceTree = "<group>"; };
		204F2DFB296FABDC00B47D86 /* SwiftRoot.swift */ = {isa = PBXFileReference; lastKnownFileType = sourcecode.swift; path = SwiftRoot.swift; sourceTree = "<group>"; };
		204F2DFD296FE74300B47D86 /* SwiftRoot.storyboard */ = {isa = PBXFileReference; lastKnownFileType = file.storyboard; path = SwiftRoot.storyboard; sourceTree = "<group>"; };
		205FD3D029BF0568006BCE9D /* SWTableViewController.swift */ = {isa = PBXFileReference; lastKnownFileType = sourcecode.swift; path = SWTableViewController.swift; sourceTree = "<group>"; };
		205FD3D229BF05AF006BCE9D /* BaseModel.swift */ = {isa = PBXFileReference; lastKnownFileType = sourcecode.swift; path = BaseModel.swift; sourceTree = "<group>"; };
		205FD3D429BF0D1E006BCE9D /* BaseJson.json */ = {isa = PBXFileReference; lastKnownFileType = text.json; path = BaseJson.json; sourceTree = "<group>"; };
		20A7870B29BEB4CC00C24422 /* WeakScriptMessage.swift */ = {isa = PBXFileReference; lastKnownFileType = sourcecode.swift; path = WeakScriptMessage.swift; sourceTree = "<group>"; };
		20DCE3B329BB24E40034833A /* SwfitBaseController.swift */ = {isa = PBXFileReference; lastKnownFileType = sourcecode.swift; path = SwfitBaseController.swift; sourceTree = "<group>"; };
		20DCE3B529BB30BD0034833A /* BaseWebViewController.swift */ = {isa = PBXFileReference; lastKnownFileType = sourcecode.swift; path = BaseWebViewController.swift; sourceTree = "<group>"; };
/* End PBXFileReference section */

/* Begin PBXFrameworksBuildPhase section */
		201BA056296EB74300F0BABB /* Frameworks */ = {
			isa = PBXFrameworksBuildPhase;
			buildActionMask = 2147483647;
			files = (
			);
			runOnlyForDeploymentPostprocessing = 0;
		};
/* End PBXFrameworksBuildPhase section */

/* Begin PBXGroup section */
		201BA050296EB74300F0BABB = {
			isa = PBXGroup;
			children = (
				201BA05B296EB74300F0BABB /* Demo */,
				201BA05A296EB74300F0BABB /* Products */,
			);
			sourceTree = "<group>";
		};
		201BA05A296EB74300F0BABB /* Products */ = {
			isa = PBXGroup;
			children = (
				201BA059296EB74300F0BABB /* Demo.app */,
			);
			name = Products;
			sourceTree = "<group>";
		};
		201BA05B296EB74300F0BABB /* Demo */ = {
			isa = PBXGroup;
			children = (
				20DCE3B229BB24C20034833A /* SwiftBase */,
				204F2DFA296FABC400B47D86 /* SwiftCode */,
				201BA05C296EB74300F0BABB /* AppDelegate.swift */,
				201BA05E296EB74300F0BABB /* SceneDelegate.swift */,
				201BA060296EB74300F0BABB /* ViewController.swift */,
				201BA062296EB74300F0BABB /* Main.storyboard */,
				201BA065296EB74800F0BABB /* Assets.xcassets */,
				201BA067296EB74800F0BABB /* LaunchScreen.storyboard */,
				201BA06A296EB74800F0BABB /* Info.plist */,
			);
			path = Demo;
			sourceTree = "<group>";
		};
		204F2DFA296FABC400B47D86 /* SwiftCode */ = {
			isa = PBXGroup;
			children = (
				204F2DFB296FABDC00B47D86 /* SwiftRoot.swift */,
				204F2DFD296FE74300B47D86 /* SwiftRoot.storyboard */,
			);
			path = SwiftCode;
			sourceTree = "<group>";
		};
		20DCE3B229BB24C20034833A /* SwiftBase */ = {
			isa = PBXGroup;
			children = (
				20DCE3B329BB24E40034833A /* SwfitBaseController.swift */,
				20DCE3B529BB30BD0034833A /* BaseWebViewController.swift */,
				20A7870B29BEB4CC00C24422 /* WeakScriptMessage.swift */,
				205FD3D029BF0568006BCE9D /* SWTableViewController.swift */,
				205FD3D229BF05AF006BCE9D /* BaseModel.swift */,
				205FD3D429BF0D1E006BCE9D /* BaseJson.json */,
			);
			path = SwiftBase;
			sourceTree = "<group>";
		};
/* End PBXGroup section */

/* Begin PBXNativeTarget section */
		201BA058296EB74300F0BABB /* Demo */ = {
			isa = PBXNativeTarget;
			buildConfigurationList = 201BA06D296EB74800F0BABB /* Build configuration list for PBXNativeTarget "Demo" */;
			buildPhases = (
				201BA055296EB74300F0BABB /* Sources */,
				201BA056296EB74300F0BABB /* Frameworks */,
				201BA057296EB74300F0BABB /* Resources */,
			);
			buildRules = (
			);
			dependencies = (
			);
			name = Demo;
			productName = Demo;
			productReference = 201BA059296EB74300F0BABB /* Demo.app */;
			productType = "com.apple.product-type.application";
		};
/* End PBXNativeTarget section */

/* Begin PBXProject section */
		201BA051296EB74300F0BABB /* Project object */ = {
			isa = PBXProject;
			attributes = {
				LastSwiftUpdateCheck = 1250;
				LastUpgradeCheck = 1250;
				TargetAttributes = {
					201BA058296EB74300F0BABB = {
						CreatedOnToolsVersion = 12.5.1;
					};
				};
			};
			buildConfigurationList = 201BA054296EB74300F0BABB /* Build configuration list for PBXProject "Demo" */;
			compatibilityVersion = "Xcode 9.3";
			developmentRegion = en;
			hasScannedForEncodings = 0;
			knownRegions = (
				en,
				Base,
			);
			mainGroup = 201BA050296EB74300F0BABB;
			productRefGroup = 201BA05A296EB74300F0BABB /* Products */;
			projectDirPath = "";
			projectRoot = "";
			targets = (
				201BA058296EB74300F0BABB /* Demo */,
			);
		};
/* End PBXProject section */

/* Begin PBXResourcesBuildPhase section */
		201BA057296EB74300F0BABB /* Resources */ = {
			isa = PBXResourcesBuildPhase;
			buildActionMask = 2147483647;
			files = (
				205FD3D729BF1601006BCE9D /* BaseJson.json in Resources */,
				204F2DFE296FE74400B47D86 /* SwiftRoot.storyboard in Resources */,
				201BA069296EB74800F0BABB /* LaunchScreen.storyboard in Resources */,
				201BA066296EB74800F0BABB /* Assets.xcassets in Resources */,
				201BA064296EB74300F0BABB /* Main.storyboard in Resources */,
			);
			runOnlyForDeploymentPostprocessing = 0;
		};
/* End PBXResourcesBuildPhase section */

/* Begin PBXSourcesBuildPhase section */
		201BA055296EB74300F0BABB /* Sources */ = {
			isa = PBXSourcesBuildPhase;
			buildActionMask = 2147483647;
			files = (
				205FD3D329BF05AF006BCE9D /* BaseModel.swift in Sources */,
				20DCE3B629BB30BD0034833A /* BaseWebViewController.swift in Sources */,
				20A7870C29BEB4CC00C24422 /* WeakScriptMessage.swift in Sources */,
				201BA061296EB74300F0BABB /* ViewController.swift in Sources */,
				201BA05D296EB74300F0BABB /* AppDelegate.swift in Sources */,
				20DCE3B429BB24E40034833A /* SwfitBaseController.swift in Sources */,
				201BA05F296EB74300F0BABB /* SceneDelegate.swift in Sources */,
				204F2DFC296FABDC00B47D86 /* SwiftRoot.swift in Sources */,
				205FD3D129BF0568006BCE9D /* SWTableViewController.swift in Sources */,
			);
			runOnlyForDeploymentPostprocessing = 0;
		};
/* End PBXSourcesBuildPhase section */

/* Begin PBXVariantGroup section */
		201BA062296EB74300F0BABB /* Main.storyboard */ = {
			isa = PBXVariantGroup;
			children = (
				201BA063296EB74300F0BABB /* Base */,
			);
			name = Main.storyboard;
			sourceTree = "<group>";
		};
		201BA067296EB74800F0BABB /* LaunchScreen.storyboard */ = {
			isa = PBXVariantGroup;
			children = (
				201BA068296EB74800F0BABB /* Base */,
			);
			name = LaunchScreen.storyboard;
			sourceTree = "<group>";
		};
/* End PBXVariantGroup section */

/* Begin XCBuildConfiguration section */
		201BA06B296EB74800F0BABB /* Debug */ = {
			isa = XCBuildConfiguration;
			buildSettings = {
				ALWAYS_SEARCH_USER_PATHS = NO;
				CLANG_ANALYZER_NONNULL = YES;
				CLANG_ANALYZER_NUMBER_OBJECT_CONVERSION = YES_AGGRESSIVE;
				CLANG_CXX_LANGUAGE_STANDARD = "gnu++14";
				CLANG_CXX_LIBRARY = "libc++";
				CLANG_ENABLE_MODULES = YES;
				CLANG_ENABLE_OBJC_ARC = YES;
				CLANG_ENABLE_OBJC_WEAK = YES;
				CLANG_WARN_BLOCK_CAPTURE_AUTORELEASING = YES;
				CLANG_WARN_BOOL_CONVERSION = YES;
				CLANG_WARN_COMMA = YES;
				CLANG_WARN_CONSTANT_CONVERSION = YES;
				CLANG_WARN_DEPRECATED_OBJC_IMPLEMENTATIONS = YES;
				CLANG_WARN_DIRECT_OBJC_ISA_USAGE = YES_ERROR;
				CLANG_WARN_DOCUMENTATION_COMMENTS = YES;
				CLANG_WARN_EMPTY_BODY = YES;
				CLANG_WARN_ENUM_CONVERSION = YES;
				CLANG_WARN_INFINITE_RECURSION = YES;
				CLANG_WARN_INT_CONVERSION = YES;
				CLANG_WARN_NON_LITERAL_NULL_CONVERSION = YES;
				CLANG_WARN_OBJC_IMPLICIT_RETAIN_SELF = YES;
				CLANG_WARN_OBJC_LITERAL_CONVERSION = YES;
				CLANG_WARN_OBJC_ROOT_CLASS = YES_ERROR;
				CLANG_WARN_QUOTED_INCLUDE_IN_FRAMEWORK_HEADER = YES;
				CLANG_WARN_RANGE_LOOP_ANALYSIS = YES;
				CLANG_WARN_STRICT_PROTOTYPES = YES;
				CLANG_WARN_SUSPICIOUS_MOVE = YES;
				CLANG_WARN_UNGUARDED_AVAILABILITY = YES_AGGRESSIVE;
				CLANG_WARN_UNREACHABLE_CODE = YES;
				CLANG_WARN__DUPLICATE_METHOD_MATCH = YES;
				COPY_PHASE_STRIP = NO;
				DEBUG_INFORMATION_FORMAT = dwarf;
				ENABLE_STRICT_OBJC_MSGSEND = YES;
				ENABLE_TESTABILITY = YES;
				GCC_C_LANGUAGE_STANDARD = gnu11;
				GCC_DYNAMIC_NO_PIC = NO;
				GCC_NO_COMMON_BLOCKS = YES;
				GCC_OPTIMIZATION_LEVEL = 0;
				GCC_PREPROCESSOR_DEFINITIONS = (
					"DEBUG=1",
					"$(inherited)",
				);
				GCC_WARN_64_TO_32_BIT_CONVERSION = YES;
				GCC_WARN_ABOUT_RETURN_TYPE = YES_ERROR;
				GCC_WARN_UNDECLARED_SELECTOR = YES;
				GCC_WARN_UNINITIALIZED_AUTOS = YES_AGGRESSIVE;
				GCC_WARN_UNUSED_FUNCTION = YES;
				GCC_WARN_UNUSED_VARIABLE = YES;
				IPHONEOS_DEPLOYMENT_TARGET = 14.5;
				MTL_ENABLE_DEBUG_INFO = INCLUDE_SOURCE;
				MTL_FAST_MATH = YES;
				ONLY_ACTIVE_ARCH = YES;
				SDKROOT = iphoneos;
				SWIFT_ACTIVE_COMPILATION_CONDITIONS = DEBUG;
				SWIFT_OPTIMIZATION_LEVEL = "-Onone";
			};
			name = Debug;
		};
		201BA06C296EB74800F0BABB /* Release */ = {
			isa = XCBuildConfiguration;
			buildSettings = {
				ALWAYS_SEARCH_USER_PATHS = NO;
				CLANG_ANALYZER_NONNULL = YES;
				CLANG_ANALYZER_NUMBER_OBJECT_CONVERSION = YES_AGGRESSIVE;
				CLANG_CXX_LANGUAGE_STANDARD = "gnu++14";
				CLANG_CXX_LIBRARY = "libc++";
				CLANG_ENABLE_MODULES = YES;
				CLANG_ENABLE_OBJC_ARC = YES;
				CLANG_ENABLE_OBJC_WEAK = YES;
				CLANG_WARN_BLOCK_CAPTURE_AUTORELEASING = YES;
				CLANG_WARN_BOOL_CONVERSION = YES;
				CLANG_WARN_COMMA = YES;
				CLANG_WARN_CONSTANT_CONVERSION = YES;
				CLANG_WARN_DEPRECATED_OBJC_IMPLEMENTATIONS = YES;
				CLANG_WARN_DIRECT_OBJC_ISA_USAGE = YES_ERROR;
				CLANG_WARN_DOCUMENTATION_COMMENTS = YES;
				CLANG_WARN_EMPTY_BODY = YES;
				CLANG_WARN_ENUM_CONVERSION = YES;
				CLANG_WARN_INFINITE_RECURSION = YES;
				CLANG_WARN_INT_CONVERSION = YES;
				CLANG_WARN_NON_LITERAL_NULL_CONVERSION = YES;
				CLANG_WARN_OBJC_IMPLICIT_RETAIN_SELF = YES;
				CLANG_WARN_OBJC_LITERAL_CONVERSION = YES;
				CLANG_WARN_OBJC_ROOT_CLASS = YES_ERROR;
				CLANG_WARN_QUOTED_INCLUDE_IN_FRAMEWORK_HEADER = YES;
				CLANG_WARN_RANGE_LOOP_ANALYSIS = YES;
				CLANG_WARN_STRICT_PROTOTYPES = YES;
				CLANG_WARN_SUSPICIOUS_MOVE = YES;
				CLANG_WARN_UNGUARDED_AVAILABILITY = YES_AGGRESSIVE;
				CLANG_WARN_UNREACHABLE_CODE = YES;
				CLANG_WARN__DUPLICATE_METHOD_MATCH = YES;
				COPY_PHASE_STRIP = NO;
				DEBUG_INFORMATION_FORMAT = "dwarf-with-dsym";
				ENABLE_NS_ASSERTIONS = NO;
				ENABLE_STRICT_OBJC_MSGSEND = YES;
				GCC_C_LANGUAGE_STANDARD = gnu11;
				GCC_NO_COMMON_BLOCKS = YES;
				GCC_WARN_64_TO_32_BIT_CONVERSION = YES;
				GCC_WARN_ABOUT_RETURN_TYPE = YES_ERROR;
				GCC_WARN_UNDECLARED_SELECTOR = YES;
				GCC_WARN_UNINITIALIZED_AUTOS = YES_AGGRESSIVE;
				GCC_WARN_UNUSED_FUNCTION = YES;
				GCC_WARN_UNUSED_VARIABLE = YES;
				IPHONEOS_DEPLOYMENT_TARGET = 14.5;
				MTL_ENABLE_DEBUG_INFO = NO;
				MTL_FAST_MATH = YES;
				SDKROOT = iphoneos;
				SWIFT_COMPILATION_MODE = wholemodule;
				SWIFT_OPTIMIZATION_LEVEL = "-O";
				VALIDATE_PRODUCT = YES;
			};
			name = Release;
		};
		201BA06E296EB74800F0BABB /* Debug */ = {
			isa = XCBuildConfiguration;
			buildSettings = {
				ASSETCATALOG_COMPILER_APPICON_NAME = AppIcon;
				ASSETCATALOG_COMPILER_GLOBAL_ACCENT_COLOR_NAME = AccentColor;
				CODE_SIGN_STYLE = Automatic;
				INFOPLIST_FILE = Demo/Info.plist;
				LD_RUNPATH_SEARCH_PATHS = (
					"$(inherited)",
					"@executable_path/Frameworks",
				);
				PRODUCT_BUNDLE_IDENTIFIER = com.WY.Demo;
				PRODUCT_NAME = "$(TARGET_NAME)";
				SWIFT_VERSION = 5.0;
				TARGETED_DEVICE_FAMILY = 1;
			};
			name = Debug;
		};
		201BA06F296EB74800F0BABB /* Release */ = {
			isa = XCBuildConfiguration;
			buildSettings = {
				ASSETCATALOG_COMPILER_APPICON_NAME = AppIcon;
				ASSETCATALOG_COMPILER_GLOBAL_ACCENT_COLOR_NAME = AccentColor;
				CODE_SIGN_STYLE = Automatic;
				INFOPLIST_FILE = Demo/Info.plist;
				LD_RUNPATH_SEARCH_PATHS = (
					"$(inherited)",
					"@executable_path/Frameworks",
				);
				PRODUCT_BUNDLE_IDENTIFIER = com.WY.Demo;
				PRODUCT_NAME = "$(TARGET_NAME)";
				SWIFT_VERSION = 5.0;
				TARGETED_DEVICE_FAMILY = 1;
			};
			name = Release;
		};
/* End XCBuildConfiguration section */

/* Begin XCConfigurationList section */
		201BA054296EB74300F0BABB /* Build configuration list for PBXProject "Demo" */ = {
			isa = XCConfigurationList;
			buildConfigurations = (
				201BA06B296EB74800F0BABB /* Debug */,
				201BA06C296EB74800F0BABB /* Release */,
			);
			defaultConfigurationIsVisible = 0;
			defaultConfigurationName = Release;
		};
		201BA06D296EB74800F0BABB /* Build configuration list for PBXNativeTarget "Demo" */ = {
			isa = XCConfigurationList;
			buildConfigurations = (
				201BA06E296EB74800F0BABB /* Debug */,
				201BA06F296EB74800F0BABB /* Release */,
			);
			defaultConfigurationIsVisible = 0;
			defaultConfigurationName = Release;
		};
/* End XCConfigurationList section */
	};
	rootObject = 201BA051296EB74300F0BABB /* Project object */;
}
