// !$*UTF8*$!
{
	archiveVersion = 1;
	classes = {
	};
	objectVersion = 50;
	objects = {

/* Begin PBXBuildFile section */
		2018D420227685A600EA70E0 /* AppDelegate.swift in Sources */ = {isa = PBXBuildFile; fileRef = 2018D41F227685A600EA70E0 /* AppDelegate.swift */; };
		2018D422227685A600EA70E0 /* ViewController.swift in Sources */ = {isa = PBXBuildFile; fileRef = 2018D421227685A600EA70E0 /* ViewController.swift */; };
		2018D425227685A600EA70E0 /* Main.storyboard in Resources */ = {isa = PBXBuildFile; fileRef = 2018D423227685A600EA70E0 /* Main.storyboard */; };
		2018D427227685A700EA70E0 /* Assets.xcassets in Resources */ = {isa = PBXBuildFile; fileRef = 2018D426227685A700EA70E0 /* Assets.xcassets */; };
		2018D42A227685A700EA70E0 /* LaunchScreen.storyboard in Resources */ = {isa = PBXBuildFile; fileRef = 2018D428227685A700EA70E0 /* LaunchScreen.storyboard */; };
		2018D432227685E100EA70E0 /* WYLabelController.swift in Sources */ = {isa = PBXBuildFile; fileRef = 2018D431227685E100EA70E0 /* WYLabelController.swift */; };
		20747FFA2276CF5A0007231C /* WYLabelCell.swift in Sources */ = {isa = PBXBuildFile; fileRef = 20747FF92276CF5A0007231C /* WYLabelCell.swift */; };
/* End PBXBuildFile section */

/* Begin PBXFileReference section */
		2018D41C227685A600EA70E0 /* 不规则标签.app */ = {isa = PBXFileReference; explicitFileType = wrapper.application; includeInIndex = 0; path = "不规则标签.app"; sourceTree = BUILT_PRODUCTS_DIR; };
		2018D41F227685A600EA70E0 /* AppDelegate.swift */ = {isa = PBXFileReference; lastKnownFileType = sourcecode.swift; path = AppDelegate.swift; sourceTree = "<group>"; };
		2018D421227685A600EA70E0 /* ViewController.swift */ = {isa = PBXFileReference; lastKnownFileType = sourcecode.swift; path = ViewController.swift; sourceTree = "<group>"; };
		2018D424227685A600EA70E0 /* Base */ = {isa = PBXFileReference; lastKnownFileType = file.storyboard; name = Base; path = Base.lproj/Main.storyboard; sourceTree = "<group>"; };
		2018D426227685A700EA70E0 /* Assets.xcassets */ = {isa = PBXFileReference; lastKnownFileType = folder.assetcatalog; path = Assets.xcassets; sourceTree = "<group>"; };
		2018D429227685A700EA70E0 /* Base */ = {isa = PBXFileReference; lastKnownFileType = file.storyboard; name = Base; path = Base.lproj/LaunchScreen.storyboard; sourceTree = "<group>"; };
		2018D42B227685A700EA70E0 /* Info.plist */ = {isa = PBXFileReference; lastKnownFileType = text.plist.xml; path = Info.plist; sourceTree = "<group>"; };
		2018D431227685E100EA70E0 /* WYLabelController.swift */ = {isa = PBXFileReference; lastKnownFileType = sourcecode.swift; path = WYLabelController.swift; sourceTree = "<group>"; };
		20747FF92276CF5A0007231C /* WYLabelCell.swift */ = {isa = PBXFileReference; lastKnownFileType = sourcecode.swift; path = WYLabelCell.swift; sourceTree = "<group>"; };
/* End PBXFileReference section */

/* Begin PBXFrameworksBuildPhase section */
		2018D419227685A600EA70E0 /* Frameworks */ = {
			isa = PBXFrameworksBuildPhase;
			buildActionMask = 2147483647;
			files = (
			);
			runOnlyForDeploymentPostprocessing = 0;
		};
/* End PBXFrameworksBuildPhase section */

/* Begin PBXGroup section */
		2018D413227685A600EA70E0 = {
			isa = PBXGroup;
			children = (
				2018D41E227685A600EA70E0 /* 不规则标签 */,
				2018D41D227685A600EA70E0 /* Products */,
			);
			sourceTree = "<group>";
		};
		2018D41D227685A600EA70E0 /* Products */ = {
			isa = PBXGroup;
			children = (
				2018D41C227685A600EA70E0 /* 不规则标签.app */,
			);
			name = Products;
			sourceTree = "<group>";
		};
		2018D41E227685A600EA70E0 /* 不规则标签 */ = {
			isa = PBXGroup;
			children = (
				2018D41F227685A600EA70E0 /* AppDelegate.swift */,
				2018D421227685A600EA70E0 /* ViewController.swift */,
				2018D423227685A600EA70E0 /* Main.storyboard */,
				2018D426227685A700EA70E0 /* Assets.xcassets */,
				2018D428227685A700EA70E0 /* LaunchScreen.storyboard */,
				2018D42B227685A700EA70E0 /* Info.plist */,
				2018D431227685E100EA70E0 /* WYLabelController.swift */,
				20747FF92276CF5A0007231C /* WYLabelCell.swift */,
			);
			path = "不规则标签";
			sourceTree = "<group>";
		};
/* End PBXGroup section */

/* Begin PBXNativeTarget section */
		2018D41B227685A600EA70E0 /* 不规则标签 */ = {
			isa = PBXNativeTarget;
			buildConfigurationList = 2018D42E227685A700EA70E0 /* Build configuration list for PBXNativeTarget "不规则标签" */;
			buildPhases = (
				2018D418227685A600EA70E0 /* Sources */,
				2018D419227685A600EA70E0 /* Frameworks */,
				2018D41A227685A600EA70E0 /* Resources */,
			);
			buildRules = (
			);
			dependencies = (
			);
			name = "不规则标签";
			productName = "不规则标签";
			productReference = 2018D41C227685A600EA70E0 /* 不规则标签.app */;
			productType = "com.apple.product-type.application";
		};
/* End PBXNativeTarget section */

/* Begin PBXProject section */
		2018D414227685A600EA70E0 /* Project object */ = {
			isa = PBXProject;
			attributes = {
				LastSwiftUpdateCheck = 1010;
				LastUpgradeCheck = 1010;
				ORGANIZATIONNAME = WY;
				TargetAttributes = {
					2018D41B227685A600EA70E0 = {
						CreatedOnToolsVersion = 10.1;
					};
				};
			};
			buildConfigurationList = 2018D417227685A600EA70E0 /* Build configuration list for PBXProject "不规则标签" */;
			compatibilityVersion = "Xcode 9.3";
			developmentRegion = en;
			hasScannedForEncodings = 0;
			knownRegions = (
				en,
				Base,
			);
			mainGroup = 2018D413227685A600EA70E0;
			productRefGroup = 2018D41D227685A600EA70E0 /* Products */;
			projectDirPath = "";
			projectRoot = "";
			targets = (
				2018D41B227685A600EA70E0 /* 不规则标签 */,
			);
		};
/* End PBXProject section */

/* Begin PBXResourcesBuildPhase section */
		2018D41A227685A600EA70E0 /* Resources */ = {
			isa = PBXResourcesBuildPhase;
			buildActionMask = 2147483647;
			files = (
				2018D42A227685A700EA70E0 /* LaunchScreen.storyboard in Resources */,
				2018D427227685A700EA70E0 /* Assets.xcassets in Resources */,
				2018D425227685A600EA70E0 /* Main.storyboard in Resources */,
			);
			runOnlyForDeploymentPostprocessing = 0;
		};
/* End PBXResourcesBuildPhase section */

/* Begin PBXSourcesBuildPhase section */
		2018D418227685A600EA70E0 /* Sources */ = {
			isa = PBXSourcesBuildPhase;
			buildActionMask = 2147483647;
			files = (
				20747FFA2276CF5A0007231C /* WYLabelCell.swift in Sources */,
				2018D432227685E100EA70E0 /* WYLabelController.swift in Sources */,
				2018D422227685A600EA70E0 /* ViewController.swift in Sources */,
				2018D420227685A600EA70E0 /* AppDelegate.swift in Sources */,
			);
			runOnlyForDeploymentPostprocessing = 0;
		};
/* End PBXSourcesBuildPhase section */

/* Begin PBXVariantGroup section */
		2018D423227685A600EA70E0 /* Main.storyboard */ = {
			isa = PBXVariantGroup;
			children = (
				2018D424227685A600EA70E0 /* Base */,
			);
			name = Main.storyboard;
			sourceTree = "<group>";
		};
		2018D428227685A700EA70E0 /* LaunchScreen.storyboard */ = {
			isa = PBXVariantGroup;
			children = (
				2018D429227685A700EA70E0 /* Base */,
			);
			name = LaunchScreen.storyboard;
			sourceTree = "<group>";
		};
/* End PBXVariantGroup section */

/* Begin XCBuildConfiguration section */
		2018D42C227685A700EA70E0 /* Debug */ = {
			isa = XCBuildConfiguration;
			buildSettings = {
				ALWAYS_SEARCH_USER_PATHS = NO;
				CLANG_ANALYZER_NONNULL = YES;
				CLANG_ANALYZER_NUMBER_OBJECT_CONVERSION = YES_AGGRESSIVE;
				CLANG_CXX_LANGUAGE_STANDARD = "gnu++14";
				CLANG_CXX_LIBRARY = "libc++";
				CLANG_ENABLE_MODULES = YES;
				CLANG_ENABLE_OBJC_ARC = YES;
				CLANG_ENABLE_OBJC_WEAK = YES;
				CLANG_WARN_BLOCK_CAPTURE_AUTORELEASING = YES;
				CLANG_WARN_BOOL_CONVERSION = YES;
				CLANG_WARN_COMMA = YES;
				CLANG_WARN_CONSTANT_CONVERSION = YES;
				CLANG_WARN_DEPRECATED_OBJC_IMPLEMENTATIONS = YES;
				CLANG_WARN_DIRECT_OBJC_ISA_USAGE = YES_ERROR;
				CLANG_WARN_DOCUMENTATION_COMMENTS = YES;
				CLANG_WARN_EMPTY_BODY = YES;
				CLANG_WARN_ENUM_CONVERSION = YES;
				CLANG_WARN_INFINITE_RECURSION = YES;
				CLANG_WARN_INT_CONVERSION = YES;
				CLANG_WARN_NON_LITERAL_NULL_CONVERSION = YES;
				CLANG_WARN_OBJC_IMPLICIT_RETAIN_SELF = YES;
				CLANG_WARN_OBJC_LITERAL_CONVERSION = YES;
				CLANG_WARN_OBJC_ROOT_CLASS = YES_ERROR;
				CLANG_WARN_RANGE_LOOP_ANALYSIS = YES;
				CLANG_WARN_STRICT_PROTOTYPES = YES;
				CLANG_WARN_SUSPICIOUS_MOVE = YES;
				CLANG_WARN_UNGUARDED_AVAILABILITY = YES_AGGRESSIVE;
				CLANG_WARN_UNREACHABLE_CODE = YES;
				CLANG_WARN__DUPLICATE_METHOD_MATCH = YES;
				CODE_SIGN_IDENTITY = "iPhone Developer";
				COPY_PHASE_STRIP = NO;
				DEBUG_INFORMATION_FORMAT = dwarf;
				ENABLE_STRICT_OBJC_MSGSEND = YES;
				ENABLE_TESTABILITY = YES;
				GCC_C_LANGUAGE_STANDARD = gnu11;
				GCC_DYNAMIC_NO_PIC = NO;
				GCC_NO_COMMON_BLOCKS = YES;
				GCC_OPTIMIZATION_LEVEL = 0;
				GCC_PREPROCESSOR_DEFINITIONS = (
					"DEBUG=1",
					"$(inherited)",
				);
				GCC_WARN_64_TO_32_BIT_CONVERSION = YES;
				GCC_WARN_ABOUT_RETURN_TYPE = YES_ERROR;
				GCC_WARN_UNDECLARED_SELECTOR = YES;
				GCC_WARN_UNINITIALIZED_AUTOS = YES_AGGRESSIVE;
				GCC_WARN_UNUSED_FUNCTION = YES;
				GCC_WARN_UNUSED_VARIABLE = YES;
				IPHONEOS_DEPLOYMENT_TARGET = 12.1;
				MTL_ENABLE_DEBUG_INFO = INCLUDE_SOURCE;
				MTL_FAST_MATH = YES;
				ONLY_ACTIVE_ARCH = YES;
				SDKROOT = iphoneos;
				SWIFT_ACTIVE_COMPILATION_CONDITIONS = DEBUG;
				SWIFT_OPTIMIZATION_LEVEL = "-Onone";
			};
			name = Debug;
		};
		2018D42D227685A700EA70E0 /* Release */ = {
			isa = XCBuildConfiguration;
			buildSettings = {
				ALWAYS_SEARCH_USER_PATHS = NO;
				CLANG_ANALYZER_NONNULL = YES;
				CLANG_ANALYZER_NUMBER_OBJECT_CONVERSION = YES_AGGRESSIVE;
				CLANG_CXX_LANGUAGE_STANDARD = "gnu++14";
				CLANG_CXX_LIBRARY = "libc++";
				CLANG_ENABLE_MODULES = YES;
				CLANG_ENABLE_OBJC_ARC = YES;
				CLANG_ENABLE_OBJC_WEAK = YES;
				CLANG_WARN_BLOCK_CAPTURE_AUTORELEASING = YES;
				CLANG_WARN_BOOL_CONVERSION = YES;
				CLANG_WARN_COMMA = YES;
				CLANG_WARN_CONSTANT_CONVERSION = YES;
				CLANG_WARN_DEPRECATED_OBJC_IMPLEMENTATIONS = YES;
				CLANG_WARN_DIRECT_OBJC_ISA_USAGE = YES_ERROR;
				CLANG_WARN_DOCUMENTATION_COMMENTS = YES;
				CLANG_WARN_EMPTY_BODY = YES;
				CLANG_WARN_ENUM_CONVERSION = YES;
				CLANG_WARN_INFINITE_RECURSION = YES;
				CLANG_WARN_INT_CONVERSION = YES;
				CLANG_WARN_NON_LITERAL_NULL_CONVERSION = YES;
				CLANG_WARN_OBJC_IMPLICIT_RETAIN_SELF = YES;
				CLANG_WARN_OBJC_LITERAL_CONVERSION = YES;
				CLANG_WARN_OBJC_ROOT_CLASS = YES_ERROR;
				CLANG_WARN_RANGE_LOOP_ANALYSIS = YES;
				CLANG_WARN_STRICT_PROTOTYPES = YES;
				CLANG_WARN_SUSPICIOUS_MOVE = YES;
				CLANG_WARN_UNGUARDED_AVAILABILITY = YES_AGGRESSIVE;
				CLANG_WARN_UNREACHABLE_CODE = YES;
				CLANG_WARN__DUPLICATE_METHOD_MATCH = YES;
				CODE_SIGN_IDENTITY = "iPhone Developer";
				COPY_PHASE_STRIP = NO;
				DEBUG_INFORMATION_FORMAT = "dwarf-with-dsym";
				ENABLE_NS_ASSERTIONS = NO;
				ENABLE_STRICT_OBJC_MSGSEND = YES;
				GCC_C_LANGUAGE_STANDARD = gnu11;
				GCC_NO_COMMON_BLOCKS = YES;
				GCC_WARN_64_TO_32_BIT_CONVERSION = YES;
				GCC_WARN_ABOUT_RETURN_TYPE = YES_ERROR;
				GCC_WARN_UNDECLARED_SELECTOR = YES;
				GCC_WARN_UNINITIALIZED_AUTOS = YES_AGGRESSIVE;
				GCC_WARN_UNUSED_FUNCTION = YES;
				GCC_WARN_UNUSED_VARIABLE = YES;
				IPHONEOS_DEPLOYMENT_TARGET = 12.1;
				MTL_ENABLE_DEBUG_INFO = NO;
				MTL_FAST_MATH = YES;
				SDKROOT = iphoneos;
				SWIFT_COMPILATION_MODE = wholemodule;
				SWIFT_OPTIMIZATION_LEVEL = "-O";
				VALIDATE_PRODUCT = YES;
			};
			name = Release;
		};
		2018D42F227685A700EA70E0 /* Debug */ = {
			isa = XCBuildConfiguration;
			buildSettings = {
				ASSETCATALOG_COMPILER_APPICON_NAME = AppIcon;
				CODE_SIGN_STYLE = Automatic;
				INFOPLIST_FILE = "不规则标签/Info.plist";
				LD_RUNPATH_SEARCH_PATHS = (
					"$(inherited)",
					"@executable_path/Frameworks",
				);
				PRODUCT_BUNDLE_IDENTIFIER = "com.None.-----";
				PRODUCT_NAME = "$(TARGET_NAME)";
				SWIFT_VERSION = 4.2;
				TARGETED_DEVICE_FAMILY = "1,2";
			};
			name = Debug;
		};
		2018D430227685A700EA70E0 /* Release */ = {
			isa = XCBuildConfiguration;
			buildSettings = {
				ASSETCATALOG_COMPILER_APPICON_NAME = AppIcon;
				CODE_SIGN_STYLE = Automatic;
				INFOPLIST_FILE = "不规则标签/Info.plist";
				LD_RUNPATH_SEARCH_PATHS = (
					"$(inherited)",
					"@executable_path/Frameworks",
				);
				PRODUCT_BUNDLE_IDENTIFIER = "com.None.-----";
				PRODUCT_NAME = "$(TARGET_NAME)";
				SWIFT_VERSION = 4.2;
				TARGETED_DEVICE_FAMILY = "1,2";
			};
			name = Release;
		};
/* End XCBuildConfiguration section */

/* Begin XCConfigurationList section */
		2018D417227685A600EA70E0 /* Build configuration list for PBXProject "不规则标签" */ = {
			isa = XCConfigurationList;
			buildConfigurations = (
				2018D42C227685A700EA70E0 /* Debug */,
				2018D42D227685A700EA70E0 /* Release */,
			);
			defaultConfigurationIsVisible = 0;
			defaultConfigurationName = Release;
		};
		2018D42E227685A700EA70E0 /* Build configuration list for PBXNativeTarget "不规则标签" */ = {
			isa = XCConfigurationList;
			buildConfigurations = (
				2018D42F227685A700EA70E0 /* Debug */,
				2018D430227685A700EA70E0 /* Release */,
			);
			defaultConfigurationIsVisible = 0;
			defaultConfigurationName = Release;
		};
/* End XCConfigurationList section */
	};
	rootObject = 2018D414227685A600EA70E0 /* Project object */;
}
